
Microsoft Visual Studio Solution File, Format Version 12.00
# Visual Studio 15
VisualStudioVersion = 15.0.27004.2002
MinimumVisualStudioVersion = 10.0.40219.1
Project("{FAE04EC0-301F-11D3-BF4B-00C04F79EFBC}") = "QuanLySachT", "QuanLySachT\QuanLySachT.csproj", "{90C5A910-EA5A-418D-B0E4-8E5279407175}"
EndProject
Global
	GlobalSection(SolutionConfigurationPlatforms) = preSolution
		Debug|Any CPU = Debug|Any CPU
		Release|Any CPU = Release|Any CPU
	EndGlobalSection
	GlobalSection(ProjectConfigurationPlatforms) = postSolution
		{90C5A910-EA5A-418D-B0E4-8E5279407175}.Debug|Any CPU.ActiveCfg = Debug|Any CPU
		{90C5A910-EA5A-418D-B0E4-8E5279407175}.Debug|Any CPU.Build.0 = Debug|Any CPU
		{90C5A910-EA5A-418D-B0E4-8E5279407175}.Release|Any CPU.ActiveCfg = Release|Any CPU
		{90C5A910-EA5A-418D-B0E4-8E5279407175}.Release|Any CPU.Build.0 = Release|Any CPU
	EndGlobalSection
	GlobalSection(SolutionProperties) = preSolution
		HideSolutionNode = FALSE
	EndGlobalSection
	GlobalSection(ExtensibilityGlobals) = postSolution
		SolutionGuid = {E2FB6659-259C-4B22-AD6C-E1BB78A4ACB8}
	EndGlobalSection
EndGlobal
